// !$*UTF8*$!
{
	archiveVersion = 1;
	classes = {
	};
	objectVersion = 50;
	objects = {

/* Begin PBXBuildFile section */
		930536FC22CC5508005A1A5F /* api_service.swift in Sources */ = {isa = PBXBuildFile; fileRef = 930536FB22CC5508005A1A5F /* api_service.swift */; };
		930536FF22CC590D005A1A5F /* Menu.swift in Sources */ = {isa = PBXBuildFile; fileRef = 930536FE22CC590D005A1A5F /* Menu.swift */; };
		9305370122CC59B6005A1A5F /* Menu_cell.swift in Sources */ = {isa = PBXBuildFile; fileRef = 9305370022CC59B6005A1A5F /* Menu_cell.swift */; };
		9305370322CC6059005A1A5F /* Home_detail.swift in Sources */ = {isa = PBXBuildFile; fileRef = 9305370222CC6059005A1A5F /* Home_detail.swift */; };
		9305370622CC86BC005A1A5F /* title_cell.swift in Sources */ = {isa = PBXBuildFile; fileRef = 9305370522CC86BC005A1A5F /* title_cell.swift */; };
		9305370822CC896B005A1A5F /* object_cell.swift in Sources */ = {isa = PBXBuildFile; fileRef = 9305370722CC896B005A1A5F /* object_cell.swift */; };
		9305370A22CC915A005A1A5F /* des_cell.swift in Sources */ = {isa = PBXBuildFile; fileRef = 9305370922CC915A005A1A5F /* des_cell.swift */; };
		9305370C22CC9511005A1A5F /* price_cell.swift in Sources */ = {isa = PBXBuildFile; fileRef = 9305370B22CC9511005A1A5F /* price_cell.swift */; };
		9305371122CCE009005A1A5F /* oto_controller.swift in Sources */ = {isa = PBXBuildFile; fileRef = 9305371022CCE009005A1A5F /* oto_controller.swift */; };
		9305371322CCF535005A1A5F /* oto_cell.swift in Sources */ = {isa = PBXBuildFile; fileRef = 9305371222CCF535005A1A5F /* oto_cell.swift */; };
		930A236422CEF1A10076D944 /* bien_bao_cell.swift in Sources */ = {isa = PBXBuildFile; fileRef = 930A236322CEF1A10076D944 /* bien_bao_cell.swift */; };
		930A236822CF0A530076D944 /* bien_bao.json in Resources */ = {isa = PBXBuildFile; fileRef = 930A236722CF0A530076D944 /* bien_bao.json */; };
		930A236B22CF20EE0076D944 /* hot_line.swift in Sources */ = {isa = PBXBuildFile; fileRef = 930A236A22CF20EE0076D944 /* hot_line.swift */; };
		930A236D22CF26C80076D944 /* hot_line_cell.swift in Sources */ = {isa = PBXBuildFile; fileRef = 930A236C22CF26C80076D944 /* hot_line_cell.swift */; };
		930A236F22CF37C00076D944 /* phone.json in Resources */ = {isa = PBXBuildFile; fileRef = 930A236E22CF37C00076D944 /* phone.json */; };
		9310E27A22CDD48000D1C5A6 /* Home_br.swift in Sources */ = {isa = PBXBuildFile; fileRef = 9310E27922CDD48000D1C5A6 /* Home_br.swift */; };
		9310E28222CDE12C00D1C5A6 /* Home_br_cell.swift in Sources */ = {isa = PBXBuildFile; fileRef = 9310E28122CDE12C00D1C5A6 /* Home_br_cell.swift */; };
		9310E28422CDEC7000D1C5A6 /* menu.json in Resources */ = {isa = PBXBuildFile; fileRef = 9310E28322CDEC7000D1C5A6 /* menu.json */; };
		9310E28622CE356D00D1C5A6 /* oto_detail.swift in Sources */ = {isa = PBXBuildFile; fileRef = 9310E28522CE356D00D1C5A6 /* oto_detail.swift */; };
		9310E28922CE35A800D1C5A6 /* oto_title.swift in Sources */ = {isa = PBXBuildFile; fileRef = 9310E28822CE35A800D1C5A6 /* oto_title.swift */; };
		9310E28B22CE35B500D1C5A6 /* oto_object.swift in Sources */ = {isa = PBXBuildFile; fileRef = 9310E28A22CE35B500D1C5A6 /* oto_object.swift */; };
		9310E28D22CE35CC00D1C5A6 /* oto_des.swift in Sources */ = {isa = PBXBuildFile; fileRef = 9310E28C22CE35CC00D1C5A6 /* oto_des.swift */; };
		9310E28F22CE35DB00D1C5A6 /* oto_price.swift in Sources */ = {isa = PBXBuildFile; fileRef = 9310E28E22CE35DB00D1C5A6 /* oto_price.swift */; };
		9310E29322CE38E300D1C5A6 /* bien_bao.swift in Sources */ = {isa = PBXBuildFile; fileRef = 9310E29122CE38E300D1C5A6 /* bien_bao.swift */; };
		9310E29422CE38E300D1C5A6 /* bien_bao.xib in Resources */ = {isa = PBXBuildFile; fileRef = 9310E29222CE38E300D1C5A6 /* bien_bao.xib */; };
		9338695A22CAFA3100592E1A /* AppDelegate.swift in Sources */ = {isa = PBXBuildFile; fileRef = 9338695922CAFA3100592E1A /* AppDelegate.swift */; };
		9338695C22CAFA3100592E1A /* ViewController.swift in Sources */ = {isa = PBXBuildFile; fileRef = 9338695B22CAFA3100592E1A /* ViewController.swift */; };
		9338695F22CAFA3100592E1A /* Main.storyboard in Resources */ = {isa = PBXBuildFile; fileRef = 9338695D22CAFA3100592E1A /* Main.storyboard */; };
		9338696122CAFA3400592E1A /* Assets.xcassets in Resources */ = {isa = PBXBuildFile; fileRef = 9338696022CAFA3400592E1A /* Assets.xcassets */; };
		9338696422CAFA3400592E1A /* LaunchScreen.storyboard in Resources */ = {isa = PBXBuildFile; fileRef = 9338696222CAFA3400592E1A /* LaunchScreen.storyboard */; };
		9338696E22CAFBDB00592E1A /* SWRevealViewController.m in Sources */ = {isa = PBXBuildFile; fileRef = 9338696D22CAFBDB00592E1A /* SWRevealViewController.m */; };
		9338697422CB015300592E1A /* Home.swift in Sources */ = {isa = PBXBuildFile; fileRef = 9338697322CB015300592E1A /* Home.swift */; };
		9338697622CB09D200592E1A /* Home_cell.swift in Sources */ = {isa = PBXBuildFile; fileRef = 9338697522CB09D200592E1A /* Home_cell.swift */; };
		9338697922CB104B00592E1A /* basic_ui.swift in Sources */ = {isa = PBXBuildFile; fileRef = 9338697822CB104B00592E1A /* basic_ui.swift */; };
		9338697B22CB18BC00592E1A /* search_view.swift in Sources */ = {isa = PBXBuildFile; fileRef = 9338697A22CB18BC00592E1A /* search_view.swift */; };
		9338697D22CB3AF200592E1A /* giaothong.swift in Sources */ = {isa = PBXBuildFile; fileRef = 9338697C22CB3AF200592E1A /* giaothong.swift */; };
		9338698022CB429C00592E1A /* Home.json in Resources */ = {isa = PBXBuildFile; fileRef = 9338697F22CB429B00592E1A /* Home.json */; };
/* End PBXBuildFile section */

/* Begin PBXFileReference section */
		930536FB22CC5508005A1A5F /* api_service.swift */ = {isa = PBXFileReference; lastKnownFileType = sourcecode.swift; path = api_service.swift; sourceTree = "<group>"; };
		930536FE22CC590D005A1A5F /* Menu.swift */ = {isa = PBXFileReference; lastKnownFileType = sourcecode.swift; path = Menu.swift; sourceTree = "<group>"; };
		9305370022CC59B6005A1A5F /* Menu_cell.swift */ = {isa = PBXFileReference; lastKnownFileType = sourcecode.swift; path = Menu_cell.swift; sourceTree = "<group>"; };
		9305370222CC6059005A1A5F /* Home_detail.swift */ = {isa = PBXFileReference; lastKnownFileType = sourcecode.swift; path = Home_detail.swift; sourceTree = "<group>"; };
		9305370522CC86BC005A1A5F /* title_cell.swift */ = {isa = PBXFileReference; lastKnownFileType = sourcecode.swift; path = title_cell.swift; sourceTree = "<group>"; };
		9305370722CC896B005A1A5F /* object_cell.swift */ = {isa = PBXFileReference; lastKnownFileType = sourcecode.swift; path = object_cell.swift; sourceTree = "<group>"; };
		9305370922CC915A005A1A5F /* des_cell.swift */ = {isa = PBXFileReference; lastKnownFileType = sourcecode.swift; path = des_cell.swift; sourceTree = "<group>"; };
		9305370B22CC9511005A1A5F /* price_cell.swift */ = {isa = PBXFileReference; lastKnownFileType = sourcecode.swift; path = price_cell.swift; sourceTree = "<group>"; };
		9305371022CCE009005A1A5F /* oto_controller.swift */ = {isa = PBXFileReference; lastKnownFileType = sourcecode.swift; path = oto_controller.swift; sourceTree = "<group>"; };
		9305371222CCF535005A1A5F /* oto_cell.swift */ = {isa = PBXFileReference; lastKnownFileType = sourcecode.swift; path = oto_cell.swift; sourceTree = "<group>"; };
		930A236322CEF1A10076D944 /* bien_bao_cell.swift */ = {isa = PBXFileReference; lastKnownFileType = sourcecode.swift; path = bien_bao_cell.swift; sourceTree = "<group>"; };
		930A236722CF0A530076D944 /* bien_bao.json */ = {isa = PBXFileReference; fileEncoding = 4; lastKnownFileType = text.json; path = bien_bao.json; sourceTree = "<group>"; };
		930A236A22CF20EE0076D944 /* hot_line.swift */ = {isa = PBXFileReference; lastKnownFileType = sourcecode.swift; path = hot_line.swift; sourceTree = "<group>"; };
		930A236C22CF26C80076D944 /* hot_line_cell.swift */ = {isa = PBXFileReference; lastKnownFileType = sourcecode.swift; path = hot_line_cell.swift; sourceTree = "<group>"; };
		930A236E22CF37C00076D944 /* phone.json */ = {isa = PBXFileReference; fileEncoding = 4; lastKnownFileType = text.json; path = phone.json; sourceTree = "<group>"; };
		9310E27922CDD48000D1C5A6 /* Home_br.swift */ = {isa = PBXFileReference; lastKnownFileType = sourcecode.swift; path = Home_br.swift; sourceTree = "<group>"; };
		9310E28122CDE12C00D1C5A6 /* Home_br_cell.swift */ = {isa = PBXFileReference; lastKnownFileType = sourcecode.swift; path = Home_br_cell.swift; sourceTree = "<group>"; };
		9310E28322CDEC7000D1C5A6 /* menu.json */ = {isa = PBXFileReference; fileEncoding = 4; lastKnownFileType = text.json; path = menu.json; sourceTree = "<group>"; };
		9310E28522CE356D00D1C5A6 /* oto_detail.swift */ = {isa = PBXFileReference; lastKnownFileType = sourcecode.swift; path = oto_detail.swift; sourceTree = "<group>"; };
		9310E28822CE35A800D1C5A6 /* oto_title.swift */ = {isa = PBXFileReference; lastKnownFileType = sourcecode.swift; path = oto_title.swift; sourceTree = "<group>"; };
		9310E28A22CE35B500D1C5A6 /* oto_object.swift */ = {isa = PBXFileReference; lastKnownFileType = sourcecode.swift; path = oto_object.swift; sourceTree = "<group>"; };
		9310E28C22CE35CC00D1C5A6 /* oto_des.swift */ = {isa = PBXFileReference; lastKnownFileType = sourcecode.swift; path = oto_des.swift; sourceTree = "<group>"; };
		9310E28E22CE35DB00D1C5A6 /* oto_price.swift */ = {isa = PBXFileReference; lastKnownFileType = sourcecode.swift; path = oto_price.swift; sourceTree = "<group>"; };
		9310E29122CE38E300D1C5A6 /* bien_bao.swift */ = {isa = PBXFileReference; lastKnownFileType = sourcecode.swift; path = bien_bao.swift; sourceTree = "<group>"; };
		9310E29222CE38E300D1C5A6 /* bien_bao.xib */ = {isa = PBXFileReference; lastKnownFileType = file.xib; path = bien_bao.xib; sourceTree = "<group>"; };
		9338695622CAFA3100592E1A /* giao_thong.app */ = {isa = PBXFileReference; explicitFileType = wrapper.application; includeInIndex = 0; path = giao_thong.app; sourceTree = BUILT_PRODUCTS_DIR; };
		9338695922CAFA3100592E1A /* AppDelegate.swift */ = {isa = PBXFileReference; lastKnownFileType = sourcecode.swift; path = AppDelegate.swift; sourceTree = "<group>"; };
		9338695B22CAFA3100592E1A /* ViewController.swift */ = {isa = PBXFileReference; lastKnownFileType = sourcecode.swift; path = ViewController.swift; sourceTree = "<group>"; };
		9338695E22CAFA3100592E1A /* Base */ = {isa = PBXFileReference; lastKnownFileType = file.storyboard; name = Base; path = Base.lproj/Main.storyboard; sourceTree = "<group>"; };
		9338696022CAFA3400592E1A /* Assets.xcassets */ = {isa = PBXFileReference; lastKnownFileType = folder.assetcatalog; path = Assets.xcassets; sourceTree = "<group>"; };
		9338696322CAFA3400592E1A /* Base */ = {isa = PBXFileReference; lastKnownFileType = file.storyboard; name = Base; path = Base.lproj/LaunchScreen.storyboard; sourceTree = "<group>"; };
		9338696522CAFA3400592E1A /* Info.plist */ = {isa = PBXFileReference; lastKnownFileType = text.plist.xml; path = Info.plist; sourceTree = "<group>"; };
		9338696B22CAFBDB00592E1A /* giao_thong-Bridging-Header.h */ = {isa = PBXFileReference; lastKnownFileType = sourcecode.c.h; path = "giao_thong-Bridging-Header.h"; sourceTree = "<group>"; };
		9338696C22CAFBDB00592E1A /* SWRevealViewController.h */ = {isa = PBXFileReference; fileEncoding = 4; lastKnownFileType = sourcecode.c.h; path = SWRevealViewController.h; sourceTree = "<group>"; };
		9338696D22CAFBDB00592E1A /* SWRevealViewController.m */ = {isa = PBXFileReference; fileEncoding = 4; lastKnownFileType = sourcecode.c.objc; path = SWRevealViewController.m; sourceTree = "<group>"; };
		9338697322CB015300592E1A /* Home.swift */ = {isa = PBXFileReference; lastKnownFileType = sourcecode.swift; path = Home.swift; sourceTree = "<group>"; };
		9338697522CB09D200592E1A /* Home_cell.swift */ = {isa = PBXFileReference; lastKnownFileType = sourcecode.swift; path = Home_cell.swift; sourceTree = "<group>"; };
		9338697822CB104B00592E1A /* basic_ui.swift */ = {isa = PBXFileReference; lastKnownFileType = sourcecode.swift; path = basic_ui.swift; sourceTree = "<group>"; };
		9338697A22CB18BC00592E1A /* search_view.swift */ = {isa = PBXFileReference; lastKnownFileType = sourcecode.swift; path = search_view.swift; sourceTree = "<group>"; };
		9338697C22CB3AF200592E1A /* giaothong.swift */ = {isa = PBXFileReference; lastKnownFileType = sourcecode.swift; path = giaothong.swift; sourceTree = "<group>"; };
		9338697F22CB429B00592E1A /* Home.json */ = {isa = PBXFileReference; fileEncoding = 4; lastKnownFileType = text.json; path = Home.json; sourceTree = "<group>"; };
/* End PBXFileReference section */

/* Begin PBXFrameworksBuildPhase section */
		9338695322CAFA3100592E1A /* Frameworks */ = {
			isa = PBXFrameworksBuildPhase;
			buildActionMask = 2147483647;
			files = (
			);
			runOnlyForDeploymentPostprocessing = 0;
		};
/* End PBXFrameworksBuildPhase section */

/* Begin PBXGroup section */
		930536FD22CC58EA005A1A5F /* Menu */ = {
			isa = PBXGroup;
			children = (
				9305370022CC59B6005A1A5F /* Menu_cell.swift */,
				930536FE22CC590D005A1A5F /* Menu.swift */,
			);
			path = Menu;
			sourceTree = "<group>";
		};
		9305370422CC8686005A1A5F /* Home_detail */ = {
			isa = PBXGroup;
			children = (
				9305370222CC6059005A1A5F /* Home_detail.swift */,
				9305370522CC86BC005A1A5F /* title_cell.swift */,
				9305370722CC896B005A1A5F /* object_cell.swift */,
				9305370922CC915A005A1A5F /* des_cell.swift */,
				9305370B22CC9511005A1A5F /* price_cell.swift */,
			);
			path = Home_detail;
			sourceTree = "<group>";
		};
		9305370F22CCDFDE005A1A5F /* Oto */ = {
			isa = PBXGroup;
			children = (
				9305371022CCE009005A1A5F /* oto_controller.swift */,
				9305371222CCF535005A1A5F /* oto_cell.swift */,
				9310E28722CE357200D1C5A6 /* oto_detail */,
			);
			path = Oto;
			sourceTree = "<group>";
		};
		930A236922CF20CC0076D944 /* hot_lines */ = {
			isa = PBXGroup;
			children = (
				930A236A22CF20EE0076D944 /* hot_line.swift */,
				930A236C22CF26C80076D944 /* hot_line_cell.swift */,
				930A236E22CF37C00076D944 /* phone.json */,
			);
			path = hot_lines;
			sourceTree = "<group>";
		};
		9310E28722CE357200D1C5A6 /* oto_detail */ = {
			isa = PBXGroup;
			children = (
				9310E28522CE356D00D1C5A6 /* oto_detail.swift */,
				9310E28822CE35A800D1C5A6 /* oto_title.swift */,
				9310E28A22CE35B500D1C5A6 /* oto_object.swift */,
				9310E28C22CE35CC00D1C5A6 /* oto_des.swift */,
				9310E28E22CE35DB00D1C5A6 /* oto_price.swift */,
			);
			path = oto_detail;
			sourceTree = "<group>";
		};
		9310E29022CE38A300D1C5A6 /* Bien_bao */ = {
			isa = PBXGroup;
			children = (
				9310E29122CE38E300D1C5A6 /* bien_bao.swift */,
				930A236322CEF1A10076D944 /* bien_bao_cell.swift */,
				930A236722CF0A530076D944 /* bien_bao.json */,
				9310E29222CE38E300D1C5A6 /* bien_bao.xib */,
			);
			path = Bien_bao;
			sourceTree = "<group>";
		};
		9338694D22CAFA3100592E1A = {
			isa = PBXGroup;
			children = (
				9338695822CAFA3100592E1A /* giao_thong */,
				9338695722CAFA3100592E1A /* Products */,
			);
			sourceTree = "<group>";
		};
		9338695722CAFA3100592E1A /* Products */ = {
			isa = PBXGroup;
			children = (
				9338695622CAFA3100592E1A /* giao_thong.app */,
			);
			name = Products;
			sourceTree = "<group>";
		};
		9338695822CAFA3100592E1A /* giao_thong */ = {
			isa = PBXGroup;
			children = (
				9338697722CB103600592E1A /* Model */,
				9338696F22CAFE1500592E1A /* Controller */,
				9338695922CAFA3100592E1A /* AppDelegate.swift */,
				9338695B22CAFA3100592E1A /* ViewController.swift */,
				9338697F22CB429B00592E1A /* Home.json */,
				9338695D22CAFA3100592E1A /* Main.storyboard */,
				9338696022CAFA3400592E1A /* Assets.xcassets */,
				9338696C22CAFBDB00592E1A /* SWRevealViewController.h */,
				9338696D22CAFBDB00592E1A /* SWRevealViewController.m */,
				9338696222CAFA3400592E1A /* LaunchScreen.storyboard */,
				9338696522CAFA3400592E1A /* Info.plist */,
				9338696B22CAFBDB00592E1A /* giao_thong-Bridging-Header.h */,
			);
			path = giao_thong;
			sourceTree = "<group>";
		};
		9338696F22CAFE1500592E1A /* Controller */ = {
			isa = PBXGroup;
			children = (
				9338697022CAFE1F00592E1A /* Home */,
				9305370F22CCDFDE005A1A5F /* Oto */,
				930A236922CF20CC0076D944 /* hot_lines */,
				9310E29022CE38A300D1C5A6 /* Bien_bao */,
				930536FD22CC58EA005A1A5F /* Menu */,
			);
			path = Controller;
			sourceTree = "<group>";
		};
		9338697022CAFE1F00592E1A /* Home */ = {
			isa = PBXGroup;
			children = (
				9338697322CB015300592E1A /* Home.swift */,
				9338697522CB09D200592E1A /* Home_cell.swift */,
				9310E27922CDD48000D1C5A6 /* Home_br.swift */,
				9310E28122CDE12C00D1C5A6 /* Home_br_cell.swift */,
				9310E28322CDEC7000D1C5A6 /* menu.json */,
				9305370422CC8686005A1A5F /* Home_detail */,
			);
			path = Home;
			sourceTree = "<group>";
		};
		9338697722CB103600592E1A /* Model */ = {
			isa = PBXGroup;
			children = (
				9338697822CB104B00592E1A /* basic_ui.swift */,
				9338697C22CB3AF200592E1A /* giaothong.swift */,
				9338697A22CB18BC00592E1A /* search_view.swift */,
				930536FB22CC5508005A1A5F /* api_service.swift */,
			);
			path = Model;
			sourceTree = "<group>";
		};
/* End PBXGroup section */

/* Begin PBXNativeTarget section */
		9338695522CAFA3100592E1A /* giao_thong */ = {
			isa = PBXNativeTarget;
			buildConfigurationList = 9338696822CAFA3400592E1A /* Build configuration list for PBXNativeTarget "giao_thong" */;
			buildPhases = (
				9338695222CAFA3100592E1A /* Sources */,
				9338695322CAFA3100592E1A /* Frameworks */,
				9338695422CAFA3100592E1A /* Resources */,
			);
			buildRules = (
			);
			dependencies = (
			);
			name = giao_thong;
			productName = giao_thong;
			productReference = 9338695622CAFA3100592E1A /* giao_thong.app */;
			productType = "com.apple.product-type.application";
		};
/* End PBXNativeTarget section */

/* Begin PBXProject section */
		9338694E22CAFA3100592E1A /* Project object */ = {
			isa = PBXProject;
			attributes = {
				LastSwiftUpdateCheck = 1020;
				LastUpgradeCheck = 1020;
				ORGANIZATIONNAME = HaiPhan;
				TargetAttributes = {
					9338695522CAFA3100592E1A = {
						CreatedOnToolsVersion = 10.2.1;
						LastSwiftMigration = 1020;
					};
				};
			};
			buildConfigurationList = 9338695122CAFA3100592E1A /* Build configuration list for PBXProject "giao_thong" */;
			compatibilityVersion = "Xcode 9.3";
			developmentRegion = en;
			hasScannedForEncodings = 0;
			knownRegions = (
				en,
				Base,
			);
			mainGroup = 9338694D22CAFA3100592E1A;
			productRefGroup = 9338695722CAFA3100592E1A /* Products */;
			projectDirPath = "";
			projectRoot = "";
			targets = (
				9338695522CAFA3100592E1A /* giao_thong */,
			);
		};
/* End PBXProject section */

/* Begin PBXResourcesBuildPhase section */
		9338695422CAFA3100592E1A /* Resources */ = {
			isa = PBXResourcesBuildPhase;
			buildActionMask = 2147483647;
			files = (
				930A236822CF0A530076D944 /* bien_bao.json in Resources */,
				9338696422CAFA3400592E1A /* LaunchScreen.storyboard in Resources */,
				9338696122CAFA3400592E1A /* Assets.xcassets in Resources */,
				9310E29422CE38E300D1C5A6 /* bien_bao.xib in Resources */,
				930A236F22CF37C00076D944 /* phone.json in Resources */,
				9338698022CB429C00592E1A /* Home.json in Resources */,
				9338695F22CAFA3100592E1A /* Main.storyboard in Resources */,
				9310E28422CDEC7000D1C5A6 /* menu.json in Resources */,
			);
			runOnlyForDeploymentPostprocessing = 0;
		};
/* End PBXResourcesBuildPhase section */

/* Begin PBXSourcesBuildPhase section */
		9338695222CAFA3100592E1A /* Sources */ = {
			isa = PBXSourcesBuildPhase;
			buildActionMask = 2147483647;
			files = (
				9338695C22CAFA3100592E1A /* ViewController.swift in Sources */,
				9310E28622CE356D00D1C5A6 /* oto_detail.swift in Sources */,
				930A236422CEF1A10076D944 /* bien_bao_cell.swift in Sources */,
				930A236D22CF26C80076D944 /* hot_line_cell.swift in Sources */,
				9310E29322CE38E300D1C5A6 /* bien_bao.swift in Sources */,
				9338695A22CAFA3100592E1A /* AppDelegate.swift in Sources */,
				9338697D22CB3AF200592E1A /* giaothong.swift in Sources */,
				9338697922CB104B00592E1A /* basic_ui.swift in Sources */,
				9310E28D22CE35CC00D1C5A6 /* oto_des.swift in Sources */,
				9310E28222CDE12C00D1C5A6 /* Home_br_cell.swift in Sources */,
				9305371322CCF535005A1A5F /* oto_cell.swift in Sources */,
				930536FF22CC590D005A1A5F /* Menu.swift in Sources */,
				9338697422CB015300592E1A /* Home.swift in Sources */,
				9310E28B22CE35B500D1C5A6 /* oto_object.swift in Sources */,
				9310E28922CE35A800D1C5A6 /* oto_title.swift in Sources */,
				930536FC22CC5508005A1A5F /* api_service.swift in Sources */,
				930A236B22CF20EE0076D944 /* hot_line.swift in Sources */,
				9305370A22CC915A005A1A5F /* des_cell.swift in Sources */,
				9305370322CC6059005A1A5F /* Home_detail.swift in Sources */,
				9305371122CCE009005A1A5F /* oto_controller.swift in Sources */,
				9305370122CC59B6005A1A5F /* Menu_cell.swift in Sources */,
				9305370622CC86BC005A1A5F /* title_cell.swift in Sources */,
				9338697B22CB18BC00592E1A /* search_view.swift in Sources */,
				9310E28F22CE35DB00D1C5A6 /* oto_price.swift in Sources */,
				9338697622CB09D200592E1A /* Home_cell.swift in Sources */,
				9305370C22CC9511005A1A5F /* price_cell.swift in Sources */,
				9305370822CC896B005A1A5F /* object_cell.swift in Sources */,
				9338696E22CAFBDB00592E1A /* SWRevealViewController.m in Sources */,
				9310E27A22CDD48000D1C5A6 /* Home_br.swift in Sources */,
			);
			runOnlyForDeploymentPostprocessing = 0;
		};
/* End PBXSourcesBuildPhase section */

/* Begin PBXVariantGroup section */
		9338695D22CAFA3100592E1A /* Main.storyboard */ = {
			isa = PBXVariantGroup;
			children = (
				9338695E22CAFA3100592E1A /* Base */,
			);
			name = Main.storyboard;
			sourceTree = "<group>";
		};
		9338696222CAFA3400592E1A /* LaunchScreen.storyboard */ = {
			isa = PBXVariantGroup;
			children = (
				9338696322CAFA3400592E1A /* Base */,
			);
			name = LaunchScreen.storyboard;
			sourceTree = "<group>";
		};
/* End PBXVariantGroup section */

/* Begin XCBuildConfiguration section */
		9338696622CAFA3400592E1A /* Debug */ = {
			isa = XCBuildConfiguration;
			buildSettings = {
				ALWAYS_SEARCH_USER_PATHS = NO;
				CLANG_ANALYZER_NONNULL = YES;
				CLANG_ANALYZER_NUMBER_OBJECT_CONVERSION = YES_AGGRESSIVE;
				CLANG_CXX_LANGUAGE_STANDARD = "gnu++14";
				CLANG_CXX_LIBRARY = "libc++";
				CLANG_ENABLE_MODULES = YES;
				CLANG_ENABLE_OBJC_ARC = YES;
				CLANG_ENABLE_OBJC_WEAK = YES;
				CLANG_WARN_BLOCK_CAPTURE_AUTORELEASING = YES;
				CLANG_WARN_BOOL_CONVERSION = YES;
				CLANG_WARN_COMMA = YES;
				CLANG_WARN_CONSTANT_CONVERSION = YES;
				CLANG_WARN_DEPRECATED_OBJC_IMPLEMENTATIONS = YES;
				CLANG_WARN_DIRECT_OBJC_ISA_USAGE = YES_ERROR;
				CLANG_WARN_DOCUMENTATION_COMMENTS = YES;
				CLANG_WARN_EMPTY_BODY = YES;
				CLANG_WARN_ENUM_CONVERSION = YES;
				CLANG_WARN_INFINITE_RECURSION = YES;
				CLANG_WARN_INT_CONVERSION = YES;
				CLANG_WARN_NON_LITERAL_NULL_CONVERSION = YES;
				CLANG_WARN_OBJC_IMPLICIT_RETAIN_SELF = YES;
				CLANG_WARN_OBJC_LITERAL_CONVERSION = YES;
				CLANG_WARN_OBJC_ROOT_CLASS = YES_ERROR;
				CLANG_WARN_RANGE_LOOP_ANALYSIS = YES;
				CLANG_WARN_STRICT_PROTOTYPES = YES;
				CLANG_WARN_SUSPICIOUS_MOVE = YES;
				CLANG_WARN_UNGUARDED_AVAILABILITY = YES_AGGRESSIVE;
				CLANG_WARN_UNREACHABLE_CODE = YES;
				CLANG_WARN__DUPLICATE_METHOD_MATCH = YES;
				CODE_SIGN_IDENTITY = "iPhone Developer";
				COPY_PHASE_STRIP = NO;
				DEBUG_INFORMATION_FORMAT = dwarf;
				ENABLE_STRICT_OBJC_MSGSEND = YES;
				ENABLE_TESTABILITY = YES;
				GCC_C_LANGUAGE_STANDARD = gnu11;
				GCC_DYNAMIC_NO_PIC = NO;
				GCC_NO_COMMON_BLOCKS = YES;
				GCC_OPTIMIZATION_LEVEL = 0;
				GCC_PREPROCESSOR_DEFINITIONS = (
					"DEBUG=1",
					"$(inherited)",
				);
				GCC_WARN_64_TO_32_BIT_CONVERSION = YES;
				GCC_WARN_ABOUT_RETURN_TYPE = YES_ERROR;
				GCC_WARN_UNDECLARED_SELECTOR = YES;
				GCC_WARN_UNINITIALIZED_AUTOS = YES_AGGRESSIVE;
				GCC_WARN_UNUSED_FUNCTION = YES;
				GCC_WARN_UNUSED_VARIABLE = YES;
				IPHONEOS_DEPLOYMENT_TARGET = 12.2;
				MTL_ENABLE_DEBUG_INFO = INCLUDE_SOURCE;
				MTL_FAST_MATH = YES;
				ONLY_ACTIVE_ARCH = YES;
				SDKROOT = iphoneos;
				SWIFT_ACTIVE_COMPILATION_CONDITIONS = DEBUG;
				SWIFT_OPTIMIZATION_LEVEL = "-Onone";
			};
			name = Debug;
		};
		9338696722CAFA3400592E1A /* Release */ = {
			isa = XCBuildConfiguration;
			buildSettings = {
				ALWAYS_SEARCH_USER_PATHS = NO;
				CLANG_ANALYZER_NONNULL = YES;
				CLANG_ANALYZER_NUMBER_OBJECT_CONVERSION = YES_AGGRESSIVE;
				CLANG_CXX_LANGUAGE_STANDARD = "gnu++14";
				CLANG_CXX_LIBRARY = "libc++";
				CLANG_ENABLE_MODULES = YES;
				CLANG_ENABLE_OBJC_ARC = YES;
				CLANG_ENABLE_OBJC_WEAK = YES;
				CLANG_WARN_BLOCK_CAPTURE_AUTORELEASING = YES;
				CLANG_WARN_BOOL_CONVERSION = YES;
				CLANG_WARN_COMMA = YES;
				CLANG_WARN_CONSTANT_CONVERSION = YES;
				CLANG_WARN_DEPRECATED_OBJC_IMPLEMENTATIONS = YES;
				CLANG_WARN_DIRECT_OBJC_ISA_USAGE = YES_ERROR;
				CLANG_WARN_DOCUMENTATION_COMMENTS = YES;
				CLANG_WARN_EMPTY_BODY = YES;
				CLANG_WARN_ENUM_CONVERSION = YES;
				CLANG_WARN_INFINITE_RECURSION = YES;
				CLANG_WARN_INT_CONVERSION = YES;
				CLANG_WARN_NON_LITERAL_NULL_CONVERSION = YES;
				CLANG_WARN_OBJC_IMPLICIT_RETAIN_SELF = YES;
				CLANG_WARN_OBJC_LITERAL_CONVERSION = YES;
				CLANG_WARN_OBJC_ROOT_CLASS = YES_ERROR;
				CLANG_WARN_RANGE_LOOP_ANALYSIS = YES;
				CLANG_WARN_STRICT_PROTOTYPES = YES;
				CLANG_WARN_SUSPICIOUS_MOVE = YES;
				CLANG_WARN_UNGUARDED_AVAILABILITY = YES_AGGRESSIVE;
				CLANG_WARN_UNREACHABLE_CODE = YES;
				CLANG_WARN__DUPLICATE_METHOD_MATCH = YES;
				CODE_SIGN_IDENTITY = "iPhone Developer";
				COPY_PHASE_STRIP = NO;
				DEBUG_INFORMATION_FORMAT = "dwarf-with-dsym";
				ENABLE_NS_ASSERTIONS = NO;
				ENABLE_STRICT_OBJC_MSGSEND = YES;
				GCC_C_LANGUAGE_STANDARD = gnu11;
				GCC_NO_COMMON_BLOCKS = YES;
				GCC_WARN_64_TO_32_BIT_CONVERSION = YES;
				GCC_WARN_ABOUT_RETURN_TYPE = YES_ERROR;
				GCC_WARN_UNDECLARED_SELECTOR = YES;
				GCC_WARN_UNINITIALIZED_AUTOS = YES_AGGRESSIVE;
				GCC_WARN_UNUSED_FUNCTION = YES;
				GCC_WARN_UNUSED_VARIABLE = YES;
				IPHONEOS_DEPLOYMENT_TARGET = 12.2;
				MTL_ENABLE_DEBUG_INFO = NO;
				MTL_FAST_MATH = YES;
				SDKROOT = iphoneos;
				SWIFT_COMPILATION_MODE = wholemodule;
				SWIFT_OPTIMIZATION_LEVEL = "-O";
				VALIDATE_PRODUCT = YES;
			};
			name = Release;
		};
		9338696922CAFA3400592E1A /* Debug */ = {
			isa = XCBuildConfiguration;
			buildSettings = {
				ASSETCATALOG_COMPILER_APPICON_NAME = AppIcon;
				CLANG_ENABLE_MODULES = YES;
				CODE_SIGN_STYLE = Automatic;
				DEVELOPMENT_TEAM = 7VA7N3EEEN;
				INFOPLIST_FILE = giao_thong/Info.plist;
				LD_RUNPATH_SEARCH_PATHS = (
					"$(inherited)",
					"@executable_path/Frameworks",
				);
				PRODUCT_BUNDLE_IDENTIFIER = "haiphan.giao-thong";
				PRODUCT_NAME = "$(TARGET_NAME)";
				SWIFT_OBJC_BRIDGING_HEADER = "giao_thong/giao_thong-Bridging-Header.h";
				SWIFT_OPTIMIZATION_LEVEL = "-Onone";
				SWIFT_VERSION = 5.0;
				TARGETED_DEVICE_FAMILY = "1,2";
			};
			name = Debug;
		};
		9338696A22CAFA3400592E1A /* Release */ = {
			isa = XCBuildConfiguration;
			buildSettings = {
				ASSETCATALOG_COMPILER_APPICON_NAME = AppIcon;
				CLANG_ENABLE_MODULES = YES;
				CODE_SIGN_STYLE = Automatic;
				DEVELOPMENT_TEAM = 7VA7N3EEEN;
				INFOPLIST_FILE = giao_thong/Info.plist;
				LD_RUNPATH_SEARCH_PATHS = (
					"$(inherited)",
					"@executable_path/Frameworks",
				);
				PRODUCT_BUNDLE_IDENTIFIER = "haiphan.giao-thong";
				PRODUCT_NAME = "$(TARGET_NAME)";
				SWIFT_OBJC_BRIDGING_HEADER = "giao_thong/giao_thong-Bridging-Header.h";
				SWIFT_VERSION = 5.0;
				TARGETED_DEVICE_FAMILY = "1,2";
			};
			name = Release;
		};
/* End XCBuildConfiguration section */

/* Begin XCConfigurationList section */
		9338695122CAFA3100592E1A /* Build configuration list for PBXProject "giao_thong" */ = {
			isa = XCConfigurationList;
			buildConfigurations = (
				9338696622CAFA3400592E1A /* Debug */,
				9338696722CAFA3400592E1A /* Release */,
			);
			defaultConfigurationIsVisible = 0;
			defaultConfigurationName = Release;
		};
		9338696822CAFA3400592E1A /* Build configuration list for PBXNativeTarget "giao_thong" */ = {
			isa = XCConfigurationList;
			buildConfigurations = (
				9338696922CAFA3400592E1A /* Debug */,
				9338696A22CAFA3400592E1A /* Release */,
			);
			defaultConfigurationIsVisible = 0;
			defaultConfigurationName = Release;
		};
/* End XCConfigurationList section */
	};
	rootObject = 9338694E22CAFA3100592E1A /* Project object */;
}
